// !$*UTF8*$!
{
	archiveVersion = 1;
	classes = {
	};
	objectVersion = 56;
	objects = {

/* Begin PBXBuildFile section */
		B681921029E6EFCA00AE4ACE /* RMTabBarViewController.swift in Sources */ = {isa = PBXBuildFile; fileRef = B681920F29E6EFCA00AE4ACE /* RMTabBarViewController.swift */; };
		B681921529E6F25900AE4ACE /* RMEpisodesViewController.swift in Sources */ = {isa = PBXBuildFile; fileRef = B681921429E6F25900AE4ACE /* RMEpisodesViewController.swift */; };
		B681921729E6F26E00AE4ACE /* RMEpisodesView.swift in Sources */ = {isa = PBXBuildFile; fileRef = B681921629E6F26E00AE4ACE /* RMEpisodesView.swift */; };
		B681921929E6F28500AE4ACE /* RMEpisodesViewModel.swift in Sources */ = {isa = PBXBuildFile; fileRef = B681921829E6F28500AE4ACE /* RMEpisodesViewModel.swift */; };
		B681921B29E6F2F300AE4ACE /* RMLocationViewController.swift in Sources */ = {isa = PBXBuildFile; fileRef = B681921A29E6F2F300AE4ACE /* RMLocationViewController.swift */; };
		B681921D29E6F30900AE4ACE /* RMLocationView.swift in Sources */ = {isa = PBXBuildFile; fileRef = B681921C29E6F30900AE4ACE /* RMLocationView.swift */; };
		B681921F29E6F31700AE4ACE /* RMLocationViewModel.swift in Sources */ = {isa = PBXBuildFile; fileRef = B681921E29E6F31700AE4ACE /* RMLocationViewModel.swift */; };
		B681922129E6F35900AE4ACE /* RMSettingsView.swift in Sources */ = {isa = PBXBuildFile; fileRef = B681922029E6F35900AE4ACE /* RMSettingsView.swift */; };
		B681922329E6F36C00AE4ACE /* RMSettingsViewController.swift in Sources */ = {isa = PBXBuildFile; fileRef = B681922229E6F36C00AE4ACE /* RMSettingsViewController.swift */; };
		B681922529E6F37B00AE4ACE /* RMSettingsViewModel.swift in Sources */ = {isa = PBXBuildFile; fileRef = B681922429E6F37B00AE4ACE /* RMSettingsViewModel.swift */; };
		B68AA2F529E8D17D00998BBF /* Episodes.swift in Sources */ = {isa = PBXBuildFile; fileRef = B68AA2F429E8D17D00998BBF /* Episodes.swift */; };
		B68AA2F729E8D21C00998BBF /* Character.swift in Sources */ = {isa = PBXBuildFile; fileRef = B68AA2F629E8D21C00998BBF /* Character.swift */; };
		B68AA2F929E8D28C00998BBF /* Location.swift in Sources */ = {isa = PBXBuildFile; fileRef = B68AA2F829E8D28C00998BBF /* Location.swift */; };
		B6B78F3129D5CB1C00254D14 /* AppDelegate.swift in Sources */ = {isa = PBXBuildFile; fileRef = B6B78F3029D5CB1C00254D14 /* AppDelegate.swift */; };
		B6B78F3329D5CB1C00254D14 /* SceneDelegate.swift in Sources */ = {isa = PBXBuildFile; fileRef = B6B78F3229D5CB1C00254D14 /* SceneDelegate.swift */; };
		B6B78F3A29D5CB1E00254D14 /* Assets.xcassets in Resources */ = {isa = PBXBuildFile; fileRef = B6B78F3929D5CB1E00254D14 /* Assets.xcassets */; };
		B6B78F3D29D5CB1E00254D14 /* LaunchScreen.storyboard in Resources */ = {isa = PBXBuildFile; fileRef = B6B78F3B29D5CB1E00254D14 /* LaunchScreen.storyboard */; };
		B6B78F4729D5D13A00254D14 /* Coordinator.swift in Sources */ = {isa = PBXBuildFile; fileRef = B6B78F4629D5D13A00254D14 /* Coordinator.swift */; };
		B6B78F4A29D5D25800254D14 /* RMCharacterView.swift in Sources */ = {isa = PBXBuildFile; fileRef = B6B78F4929D5D25800254D14 /* RMCharacterView.swift */; };
		B6B78F4C29D5D2A900254D14 /* RMCharacterViewController.swift in Sources */ = {isa = PBXBuildFile; fileRef = B6B78F4B29D5D2A900254D14 /* RMCharacterViewController.swift */; };
		B6B78F4E29D5D36700254D14 /* RMCharacterViewModel.swift in Sources */ = {isa = PBXBuildFile; fileRef = B6B78F4D29D5D36700254D14 /* RMCharacterViewModel.swift */; };
		C4D03827518B9DF4F05F9FCC /* Pods_RickMorty.framework in Frameworks */ = {isa = PBXBuildFile; fileRef = 6B96C494DAF0D1F2629FCFE1 /* Pods_RickMorty.framework */; };
/* End PBXBuildFile section */

/* Begin PBXFileReference section */
		04E84D30EDB0B996BDECE7EF /* Pods-RickMorty.release.xcconfig */ = {isa = PBXFileReference; includeInIndex = 1; lastKnownFileType = text.xcconfig; name = "Pods-RickMorty.release.xcconfig"; path = "Target Support Files/Pods-RickMorty/Pods-RickMorty.release.xcconfig"; sourceTree = "<group>"; };
		6A6F9B8AF94F3529A49902DB /* Pods-RickMorty.debug.xcconfig */ = {isa = PBXFileReference; includeInIndex = 1; lastKnownFileType = text.xcconfig; name = "Pods-RickMorty.debug.xcconfig"; path = "Target Support Files/Pods-RickMorty/Pods-RickMorty.debug.xcconfig"; sourceTree = "<group>"; };
		6B96C494DAF0D1F2629FCFE1 /* Pods_RickMorty.framework */ = {isa = PBXFileReference; explicitFileType = wrapper.framework; includeInIndex = 0; path = Pods_RickMorty.framework; sourceTree = BUILT_PRODUCTS_DIR; };
		B681920F29E6EFCA00AE4ACE /* RMTabBarViewController.swift */ = {isa = PBXFileReference; lastKnownFileType = sourcecode.swift; path = RMTabBarViewController.swift; sourceTree = "<group>"; };
		B681921429E6F25900AE4ACE /* RMEpisodesViewController.swift */ = {isa = PBXFileReference; lastKnownFileType = sourcecode.swift; path = RMEpisodesViewController.swift; sourceTree = "<group>"; };
		B681921629E6F26E00AE4ACE /* RMEpisodesView.swift */ = {isa = PBXFileReference; lastKnownFileType = sourcecode.swift; path = RMEpisodesView.swift; sourceTree = "<group>"; };
		B681921829E6F28500AE4ACE /* RMEpisodesViewModel.swift */ = {isa = PBXFileReference; lastKnownFileType = sourcecode.swift; path = RMEpisodesViewModel.swift; sourceTree = "<group>"; };
		B681921A29E6F2F300AE4ACE /* RMLocationViewController.swift */ = {isa = PBXFileReference; lastKnownFileType = sourcecode.swift; path = RMLocationViewController.swift; sourceTree = "<group>"; };
		B681921C29E6F30900AE4ACE /* RMLocationView.swift */ = {isa = PBXFileReference; lastKnownFileType = sourcecode.swift; path = RMLocationView.swift; sourceTree = "<group>"; };
		B681921E29E6F31700AE4ACE /* RMLocationViewModel.swift */ = {isa = PBXFileReference; lastKnownFileType = sourcecode.swift; path = RMLocationViewModel.swift; sourceTree = "<group>"; };
		B681922029E6F35900AE4ACE /* RMSettingsView.swift */ = {isa = PBXFileReference; lastKnownFileType = sourcecode.swift; path = RMSettingsView.swift; sourceTree = "<group>"; };
		B681922229E6F36C00AE4ACE /* RMSettingsViewController.swift */ = {isa = PBXFileReference; lastKnownFileType = sourcecode.swift; path = RMSettingsViewController.swift; sourceTree = "<group>"; };
		B681922429E6F37B00AE4ACE /* RMSettingsViewModel.swift */ = {isa = PBXFileReference; lastKnownFileType = sourcecode.swift; path = RMSettingsViewModel.swift; sourceTree = "<group>"; };
		B68AA2F429E8D17D00998BBF /* Episodes.swift */ = {isa = PBXFileReference; lastKnownFileType = sourcecode.swift; path = Episodes.swift; sourceTree = "<group>"; };
		B68AA2F629E8D21C00998BBF /* Character.swift */ = {isa = PBXFileReference; lastKnownFileType = sourcecode.swift; path = Character.swift; sourceTree = "<group>"; };
		B68AA2F829E8D28C00998BBF /* Location.swift */ = {isa = PBXFileReference; lastKnownFileType = sourcecode.swift; path = Location.swift; sourceTree = "<group>"; };
		B6B78F2D29D5CB1C00254D14 /* RickMorty.app */ = {isa = PBXFileReference; explicitFileType = wrapper.application; includeInIndex = 0; path = RickMorty.app; sourceTree = BUILT_PRODUCTS_DIR; };
		B6B78F3029D5CB1C00254D14 /* AppDelegate.swift */ = {isa = PBXFileReference; lastKnownFileType = sourcecode.swift; path = AppDelegate.swift; sourceTree = "<group>"; };
		B6B78F3229D5CB1C00254D14 /* SceneDelegate.swift */ = {isa = PBXFileReference; lastKnownFileType = sourcecode.swift; path = SceneDelegate.swift; sourceTree = "<group>"; };
		B6B78F3929D5CB1E00254D14 /* Assets.xcassets */ = {isa = PBXFileReference; lastKnownFileType = folder.assetcatalog; path = Assets.xcassets; sourceTree = "<group>"; };
		B6B78F3C29D5CB1E00254D14 /* Base */ = {isa = PBXFileReference; lastKnownFileType = file.storyboard; name = Base; path = Base.lproj/LaunchScreen.storyboard; sourceTree = "<group>"; };
		B6B78F3E29D5CB1E00254D14 /* Info.plist */ = {isa = PBXFileReference; lastKnownFileType = text.plist.xml; path = Info.plist; sourceTree = "<group>"; };
		B6B78F4629D5D13A00254D14 /* Coordinator.swift */ = {isa = PBXFileReference; lastKnownFileType = sourcecode.swift; path = Coordinator.swift; sourceTree = "<group>"; };
		B6B78F4929D5D25800254D14 /* RMCharacterView.swift */ = {isa = PBXFileReference; lastKnownFileType = sourcecode.swift; path = RMCharacterView.swift; sourceTree = "<group>"; };
		B6B78F4B29D5D2A900254D14 /* RMCharacterViewController.swift */ = {isa = PBXFileReference; lastKnownFileType = sourcecode.swift; path = RMCharacterViewController.swift; sourceTree = "<group>"; };
		B6B78F4D29D5D36700254D14 /* RMCharacterViewModel.swift */ = {isa = PBXFileReference; lastKnownFileType = sourcecode.swift; path = RMCharacterViewModel.swift; sourceTree = "<group>"; };
/* End PBXFileReference section */

/* Begin PBXFrameworksBuildPhase section */
		B6B78F2A29D5CB1C00254D14 /* Frameworks */ = {
			isa = PBXFrameworksBuildPhase;
			buildActionMask = 2147483647;
			files = (
				C4D03827518B9DF4F05F9FCC /* Pods_RickMorty.framework in Frameworks */,
			);
			runOnlyForDeploymentPostprocessing = 0;
		};
/* End PBXFrameworksBuildPhase section */

/* Begin PBXGroup section */
		7F92E60158B91E0310997F62 /* Pods */ = {
			isa = PBXGroup;
			children = (
				6A6F9B8AF94F3529A49902DB /* Pods-RickMorty.debug.xcconfig */,
				04E84D30EDB0B996BDECE7EF /* Pods-RickMorty.release.xcconfig */,
			);
			path = Pods;
			sourceTree = "<group>";
		};
		A403122C0EF8B2DB245A20EE /* Frameworks */ = {
			isa = PBXGroup;
			children = (
				6B96C494DAF0D1F2629FCFE1 /* Pods_RickMorty.framework */,
			);
			name = Frameworks;
			sourceTree = "<group>";
		};
		B681920E29E6EF5700AE4ACE /* TabBar */ = {
			isa = PBXGroup;
			children = (
				B681920F29E6EFCA00AE4ACE /* RMTabBarViewController.swift */,
			);
			path = TabBar;
			sourceTree = "<group>";
		};
		B681921129E6F1FD00AE4ACE /* RMSettings */ = {
			isa = PBXGroup;
			children = (
				B681922029E6F35900AE4ACE /* RMSettingsView.swift */,
				B681922229E6F36C00AE4ACE /* RMSettingsViewController.swift */,
				B681922429E6F37B00AE4ACE /* RMSettingsViewModel.swift */,
			);
			path = RMSettings;
			sourceTree = "<group>";
		};
		B681921229E6F20100AE4ACE /* RMEpisodes */ = {
			isa = PBXGroup;
			children = (
				B681921629E6F26E00AE4ACE /* RMEpisodesView.swift */,
				B681921429E6F25900AE4ACE /* RMEpisodesViewController.swift */,
				B681921829E6F28500AE4ACE /* RMEpisodesViewModel.swift */,
			);
			path = RMEpisodes;
			sourceTree = "<group>";
		};
		B681921329E6F20A00AE4ACE /* RMLocation */ = {
			isa = PBXGroup;
			children = (
				B681921C29E6F30900AE4ACE /* RMLocationView.swift */,
				B681921A29E6F2F300AE4ACE /* RMLocationViewController.swift */,
				B681921E29E6F31700AE4ACE /* RMLocationViewModel.swift */,
			);
			path = RMLocation;
			sourceTree = "<group>";
		};
		B6B78F2429D5CB1C00254D14 = {
			isa = PBXGroup;
			children = (
				B6B78F2F29D5CB1C00254D14 /* RickMorty */,
				B6B78F4429D5D10A00254D14 /* Sources */,
				B6B78F2E29D5CB1C00254D14 /* Products */,
				7F92E60158B91E0310997F62 /* Pods */,
				A403122C0EF8B2DB245A20EE /* Frameworks */,
			);
			sourceTree = "<group>";
		};
		B6B78F2E29D5CB1C00254D14 /* Products */ = {
			isa = PBXGroup;
			children = (
				B6B78F2D29D5CB1C00254D14 /* RickMorty.app */,
			);
			name = Products;
			sourceTree = "<group>";
		};
		B6B78F2F29D5CB1C00254D14 /* RickMorty */ = {
			isa = PBXGroup;
			children = (
				B6B78F3029D5CB1C00254D14 /* AppDelegate.swift */,
				B6B78F3229D5CB1C00254D14 /* SceneDelegate.swift */,
				B6B78F3929D5CB1E00254D14 /* Assets.xcassets */,
				B6B78F3B29D5CB1E00254D14 /* LaunchScreen.storyboard */,
				B6B78F3E29D5CB1E00254D14 /* Info.plist */,
			);
			path = RickMorty;
			sourceTree = "<group>";
		};
		B6B78F4429D5D10A00254D14 /* Sources */ = {
			isa = PBXGroup;
			children = (
				B6B78F4529D5D11F00254D14 /* Coordinator */,
				B6B78F5029D5D5FA00254D14 /* Model */,
				B6B78F5129D5D61700254D14 /* Network */,
				B6B78F4829D5D1FB00254D14 /* ViewControllers */,
				B6B78F5229D5D62300254D14 /* Worker */,
			);
			path = Sources;
			sourceTree = "<group>";
		};
		B6B78F4529D5D11F00254D14 /* Coordinator */ = {
			isa = PBXGroup;
			children = (
				B6B78F4629D5D13A00254D14 /* Coordinator.swift */,
			);
			path = Coordinator;
			sourceTree = "<group>";
		};
		B6B78F4829D5D1FB00254D14 /* ViewControllers */ = {
			isa = PBXGroup;
			children = (
				B6B78F4F29D5D37B00254D14 /* RiMCharacter */,
				B681921229E6F20100AE4ACE /* RMEpisodes */,
				B681921329E6F20A00AE4ACE /* RMLocation */,
				B681921129E6F1FD00AE4ACE /* RMSettings */,
				B681920E29E6EF5700AE4ACE /* TabBar */,
			);
			path = ViewControllers;
			sourceTree = "<group>";
		};
		B6B78F4F29D5D37B00254D14 /* RiMCharacter */ = {
			isa = PBXGroup;
			children = (
				B6B78F4929D5D25800254D14 /* RMCharacterView.swift */,
				B6B78F4B29D5D2A900254D14 /* RMCharacterViewController.swift */,
				B6B78F4D29D5D36700254D14 /* RMCharacterViewModel.swift */,
			);
			path = RiMCharacter;
			sourceTree = "<group>";
		};
		B6B78F5029D5D5FA00254D14 /* Model */ = {
			isa = PBXGroup;
			children = (
				B68AA2F629E8D21C00998BBF /* Character.swift */,
				B68AA2F429E8D17D00998BBF /* Episodes.swift */,
				B68AA2F829E8D28C00998BBF /* Location.swift */,
			);
			path = Model;
			sourceTree = "<group>";
		};
		B6B78F5129D5D61700254D14 /* Network */ = {
			isa = PBXGroup;
			children = (
			);
			path = Network;
			sourceTree = "<group>";
		};
		B6B78F5229D5D62300254D14 /* Worker */ = {
			isa = PBXGroup;
			children = (
			);
			path = Worker;
			sourceTree = "<group>";
		};
/* End PBXGroup section */

/* Begin PBXNativeTarget section */
		B6B78F2C29D5CB1C00254D14 /* RickMorty */ = {
			isa = PBXNativeTarget;
			buildConfigurationList = B6B78F4129D5CB1E00254D14 /* Build configuration list for PBXNativeTarget "RickMorty" */;
			buildPhases = (
				577763FD46F25C7B896DA078 /* [CP] Check Pods Manifest.lock */,
				B6B78F2929D5CB1C00254D14 /* Sources */,
				B6B78F2A29D5CB1C00254D14 /* Frameworks */,
				B6B78F2B29D5CB1C00254D14 /* Resources */,
				D736CF70A5ED24B7E5798FDE /* [CP] Embed Pods Frameworks */,
			);
			buildRules = (
			);
			dependencies = (
			);
			name = RickMorty;
			productName = RickMorty;
			productReference = B6B78F2D29D5CB1C00254D14 /* RickMorty.app */;
			productType = "com.apple.product-type.application";
		};
/* End PBXNativeTarget section */

/* Begin PBXProject section */
		B6B78F2529D5CB1C00254D14 /* Project object */ = {
			isa = PBXProject;
			attributes = {
				BuildIndependentTargetsInParallel = 1;
				LastSwiftUpdateCheck = 1420;
				LastUpgradeCheck = 1420;
				TargetAttributes = {
					B6B78F2C29D5CB1C00254D14 = {
						CreatedOnToolsVersion = 14.2;
					};
				};
			};
			buildConfigurationList = B6B78F2829D5CB1C00254D14 /* Build configuration list for PBXProject "RickMorty" */;
			compatibilityVersion = "Xcode 14.0";
			developmentRegion = en;
			hasScannedForEncodings = 0;
			knownRegions = (
				en,
				Base,
			);
			mainGroup = B6B78F2429D5CB1C00254D14;
			productRefGroup = B6B78F2E29D5CB1C00254D14 /* Products */;
			projectDirPath = "";
			projectRoot = "";
			targets = (
				B6B78F2C29D5CB1C00254D14 /* RickMorty */,
			);
		};
/* End PBXProject section */

/* Begin PBXResourcesBuildPhase section */
		B6B78F2B29D5CB1C00254D14 /* Resources */ = {
			isa = PBXResourcesBuildPhase;
			buildActionMask = 2147483647;
			files = (
				B6B78F3D29D5CB1E00254D14 /* LaunchScreen.storyboard in Resources */,
				B6B78F3A29D5CB1E00254D14 /* Assets.xcassets in Resources */,
			);
			runOnlyForDeploymentPostprocessing = 0;
		};
/* End PBXResourcesBuildPhase section */

/* Begin PBXShellScriptBuildPhase section */
		577763FD46F25C7B896DA078 /* [CP] Check Pods Manifest.lock */ = {
			isa = PBXShellScriptBuildPhase;
			buildActionMask = 2147483647;
			files = (
			);
			inputFileListPaths = (
			);
			inputPaths = (
				"${PODS_PODFILE_DIR_PATH}/Podfile.lock",
				"${PODS_ROOT}/Manifest.lock",
			);
			name = "[CP] Check Pods Manifest.lock";
			outputFileListPaths = (
			);
			outputPaths = (
				"$(DERIVED_FILE_DIR)/Pods-RickMorty-checkManifestLockResult.txt",
			);
			runOnlyForDeploymentPostprocessing = 0;
			shellPath = /bin/sh;
			shellScript = "diff \"${PODS_PODFILE_DIR_PATH}/Podfile.lock\" \"${PODS_ROOT}/Manifest.lock\" > /dev/null\nif [ $? != 0 ] ; then\n    # print error to STDERR\n    echo \"error: The sandbox is not in sync with the Podfile.lock. Run 'pod install' or update your CocoaPods installation.\" >&2\n    exit 1\nfi\n# This output is used by Xcode 'outputs' to avoid re-running this script phase.\necho \"SUCCESS\" > \"${SCRIPT_OUTPUT_FILE_0}\"\n";
			showEnvVarsInLog = 0;
		};
		D736CF70A5ED24B7E5798FDE /* [CP] Embed Pods Frameworks */ = {
			isa = PBXShellScriptBuildPhase;
			buildActionMask = 2147483647;
			files = (
			);
			inputFileListPaths = (
				"${PODS_ROOT}/Target Support Files/Pods-RickMorty/Pods-RickMorty-frameworks-${CONFIGURATION}-input-files.xcfilelist",
			);
			name = "[CP] Embed Pods Frameworks";
			outputFileListPaths = (
				"${PODS_ROOT}/Target Support Files/Pods-RickMorty/Pods-RickMorty-frameworks-${CONFIGURATION}-output-files.xcfilelist",
			);
			runOnlyForDeploymentPostprocessing = 0;
			shellPath = /bin/sh;
			shellScript = "\"${PODS_ROOT}/Target Support Files/Pods-RickMorty/Pods-RickMorty-frameworks.sh\"\n";
			showEnvVarsInLog = 0;
		};
/* End PBXShellScriptBuildPhase section */

/* Begin PBXSourcesBuildPhase section */
		B6B78F2929D5CB1C00254D14 /* Sources */ = {
			isa = PBXSourcesBuildPhase;
			buildActionMask = 2147483647;
			files = (
				B681922529E6F37B00AE4ACE /* RMSettingsViewModel.swift in Sources */,
				B6B78F3129D5CB1C00254D14 /* AppDelegate.swift in Sources */,
				B6B78F3329D5CB1C00254D14 /* SceneDelegate.swift in Sources */,
				B68AA2F529E8D17D00998BBF /* Episodes.swift in Sources */,
				B68AA2F929E8D28C00998BBF /* Location.swift in Sources */,
				B681921D29E6F30900AE4ACE /* RMLocationView.swift in Sources */,
				B6B78F4E29D5D36700254D14 /* RMCharacterViewModel.swift in Sources */,
				B681921529E6F25900AE4ACE /* RMEpisodesViewController.swift in Sources */,
				B681921729E6F26E00AE4ACE /* RMEpisodesView.swift in Sources */,
				B681922329E6F36C00AE4ACE /* RMSettingsViewController.swift in Sources */,
				B68AA2F729E8D21C00998BBF /* Character.swift in Sources */,
				B681922129E6F35900AE4ACE /* RMSettingsView.swift in Sources */,
				B681921929E6F28500AE4ACE /* RMEpisodesViewModel.swift in Sources */,
				B6B78F4A29D5D25800254D14 /* RMCharacterView.swift in Sources */,
				B681921029E6EFCA00AE4ACE /* RMTabBarViewController.swift in Sources */,
				B681921B29E6F2F300AE4ACE /* RMLocationViewController.swift in Sources */,
				B681921F29E6F31700AE4ACE /* RMLocationViewModel.swift in Sources */,
				B6B78F4C29D5D2A900254D14 /* RMCharacterViewController.swift in Sources */,
				B6B78F4729D5D13A00254D14 /* Coordinator.swift in Sources */,
			);
			runOnlyForDeploymentPostprocessing = 0;
		};
/* End PBXSourcesBuildPhase section */

/* Begin PBXVariantGroup section */
		B6B78F3B29D5CB1E00254D14 /* LaunchScreen.storyboard */ = {
			isa = PBXVariantGroup;
			children = (
				B6B78F3C29D5CB1E00254D14 /* Base */,
			);
			name = LaunchScreen.storyboard;
			sourceTree = "<group>";
		};
/* End PBXVariantGroup section */

/* Begin XCBuildConfiguration section */
		B6B78F3F29D5CB1E00254D14 /* Debug */ = {
			isa = XCBuildConfiguration;
			buildSettings = {
				ALWAYS_SEARCH_USER_PATHS = NO;
				CLANG_ANALYZER_NONNULL = YES;
				CLANG_ANALYZER_NUMBER_OBJECT_CONVERSION = YES_AGGRESSIVE;
				CLANG_CXX_LANGUAGE_STANDARD = "gnu++20";
				CLANG_ENABLE_MODULES = YES;
				CLANG_ENABLE_OBJC_ARC = YES;
				CLANG_ENABLE_OBJC_WEAK = YES;
				CLANG_WARN_BLOCK_CAPTURE_AUTORELEASING = YES;
				CLANG_WARN_BOOL_CONVERSION = YES;
				CLANG_WARN_COMMA = YES;
				CLANG_WARN_CONSTANT_CONVERSION = YES;
				CLANG_WARN_DEPRECATED_OBJC_IMPLEMENTATIONS = YES;
				CLANG_WARN_DIRECT_OBJC_ISA_USAGE = YES_ERROR;
				CLANG_WARN_DOCUMENTATION_COMMENTS = YES;
				CLANG_WARN_EMPTY_BODY = YES;
				CLANG_WARN_ENUM_CONVERSION = YES;
				CLANG_WARN_INFINITE_RECURSION = YES;
				CLANG_WARN_INT_CONVERSION = YES;
				CLANG_WARN_NON_LITERAL_NULL_CONVERSION = YES;
				CLANG_WARN_OBJC_IMPLICIT_RETAIN_SELF = YES;
				CLANG_WARN_OBJC_LITERAL_CONVERSION = YES;
				CLANG_WARN_OBJC_ROOT_CLASS = YES_ERROR;
				CLANG_WARN_QUOTED_INCLUDE_IN_FRAMEWORK_HEADER = YES;
				CLANG_WARN_RANGE_LOOP_ANALYSIS = YES;
				CLANG_WARN_STRICT_PROTOTYPES = YES;
				CLANG_WARN_SUSPICIOUS_MOVE = YES;
				CLANG_WARN_UNGUARDED_AVAILABILITY = YES_AGGRESSIVE;
				CLANG_WARN_UNREACHABLE_CODE = YES;
				CLANG_WARN__DUPLICATE_METHOD_MATCH = YES;
				COPY_PHASE_STRIP = NO;
				DEBUG_INFORMATION_FORMAT = dwarf;
				ENABLE_STRICT_OBJC_MSGSEND = YES;
				ENABLE_TESTABILITY = YES;
				GCC_C_LANGUAGE_STANDARD = gnu11;
				GCC_DYNAMIC_NO_PIC = NO;
				GCC_NO_COMMON_BLOCKS = YES;
				GCC_OPTIMIZATION_LEVEL = 0;
				GCC_PREPROCESSOR_DEFINITIONS = (
					"DEBUG=1",
					"$(inherited)",
				);
				GCC_WARN_64_TO_32_BIT_CONVERSION = YES;
				GCC_WARN_ABOUT_RETURN_TYPE = YES_ERROR;
				GCC_WARN_UNDECLARED_SELECTOR = YES;
				GCC_WARN_UNINITIALIZED_AUTOS = YES_AGGRESSIVE;
				GCC_WARN_UNUSED_FUNCTION = YES;
				GCC_WARN_UNUSED_VARIABLE = YES;
				IPHONEOS_DEPLOYMENT_TARGET = 16.2;
				MTL_ENABLE_DEBUG_INFO = INCLUDE_SOURCE;
				MTL_FAST_MATH = YES;
				ONLY_ACTIVE_ARCH = YES;
				SDKROOT = iphoneos;
				SWIFT_ACTIVE_COMPILATION_CONDITIONS = DEBUG;
				SWIFT_OPTIMIZATION_LEVEL = "-Onone";
			};
			name = Debug;
		};
		B6B78F4029D5CB1E00254D14 /* Release */ = {
			isa = XCBuildConfiguration;
			buildSettings = {
				ALWAYS_SEARCH_USER_PATHS = NO;
				CLANG_ANALYZER_NONNULL = YES;
				CLANG_ANALYZER_NUMBER_OBJECT_CONVERSION = YES_AGGRESSIVE;
				CLANG_CXX_LANGUAGE_STANDARD = "gnu++20";
				CLANG_ENABLE_MODULES = YES;
				CLANG_ENABLE_OBJC_ARC = YES;
				CLANG_ENABLE_OBJC_WEAK = YES;
				CLANG_WARN_BLOCK_CAPTURE_AUTORELEASING = YES;
				CLANG_WARN_BOOL_CONVERSION = YES;
				CLANG_WARN_COMMA = YES;
				CLANG_WARN_CONSTANT_CONVERSION = YES;
				CLANG_WARN_DEPRECATED_OBJC_IMPLEMENTATIONS = YES;
				CLANG_WARN_DIRECT_OBJC_ISA_USAGE = YES_ERROR;
				CLANG_WARN_DOCUMENTATION_COMMENTS = YES;
				CLANG_WARN_EMPTY_BODY = YES;
				CLANG_WARN_ENUM_CONVERSION = YES;
				CLANG_WARN_INFINITE_RECURSION = YES;
				CLANG_WARN_INT_CONVERSION = YES;
				CLANG_WARN_NON_LITERAL_NULL_CONVERSION = YES;
				CLANG_WARN_OBJC_IMPLICIT_RETAIN_SELF = YES;
				CLANG_WARN_OBJC_LITERAL_CONVERSION = YES;
				CLANG_WARN_OBJC_ROOT_CLASS = YES_ERROR;
				CLANG_WARN_QUOTED_INCLUDE_IN_FRAMEWORK_HEADER = YES;
				CLANG_WARN_RANGE_LOOP_ANALYSIS = YES;
				CLANG_WARN_STRICT_PROTOTYPES = YES;
				CLANG_WARN_SUSPICIOUS_MOVE = YES;
				CLANG_WARN_UNGUARDED_AVAILABILITY = YES_AGGRESSIVE;
				CLANG_WARN_UNREACHABLE_CODE = YES;
				CLANG_WARN__DUPLICATE_METHOD_MATCH = YES;
				COPY_PHASE_STRIP = NO;
				DEBUG_INFORMATION_FORMAT = "dwarf-with-dsym";
				ENABLE_NS_ASSERTIONS = NO;
				ENABLE_STRICT_OBJC_MSGSEND = YES;
				GCC_C_LANGUAGE_STANDARD = gnu11;
				GCC_NO_COMMON_BLOCKS = YES;
				GCC_WARN_64_TO_32_BIT_CONVERSION = YES;
				GCC_WARN_ABOUT_RETURN_TYPE = YES_ERROR;
				GCC_WARN_UNDECLARED_SELECTOR = YES;
				GCC_WARN_UNINITIALIZED_AUTOS = YES_AGGRESSIVE;
				GCC_WARN_UNUSED_FUNCTION = YES;
				GCC_WARN_UNUSED_VARIABLE = YES;
				IPHONEOS_DEPLOYMENT_TARGET = 16.2;
				MTL_ENABLE_DEBUG_INFO = NO;
				MTL_FAST_MATH = YES;
				SDKROOT = iphoneos;
				SWIFT_COMPILATION_MODE = wholemodule;
				SWIFT_OPTIMIZATION_LEVEL = "-O";
				VALIDATE_PRODUCT = YES;
			};
			name = Release;
		};
		B6B78F4229D5CB1E00254D14 /* Debug */ = {
			isa = XCBuildConfiguration;
			baseConfigurationReference = 6A6F9B8AF94F3529A49902DB /* Pods-RickMorty.debug.xcconfig */;
			buildSettings = {
				ASSETCATALOG_COMPILER_APPICON_NAME = AppIcon;
				ASSETCATALOG_COMPILER_GLOBAL_ACCENT_COLOR_NAME = AccentColor;
				CODE_SIGN_STYLE = Automatic;
				CURRENT_PROJECT_VERSION = 1;
				GENERATE_INFOPLIST_FILE = YES;
				INFOPLIST_FILE = RickMorty/Info.plist;
				INFOPLIST_KEY_UIApplicationSupportsIndirectInputEvents = YES;
				INFOPLIST_KEY_UILaunchStoryboardName = LaunchScreen;
				INFOPLIST_KEY_UIMainStoryboardFile = "";
				INFOPLIST_KEY_UISupportedInterfaceOrientations_iPad = "UIInterfaceOrientationPortrait UIInterfaceOrientationPortraitUpsideDown UIInterfaceOrientationLandscapeLeft UIInterfaceOrientationLandscapeRight";
				INFOPLIST_KEY_UISupportedInterfaceOrientations_iPhone = "UIInterfaceOrientationPortrait UIInterfaceOrientationLandscapeLeft UIInterfaceOrientationLandscapeRight";
				LD_RUNPATH_SEARCH_PATHS = (
					"$(inherited)",
					"@executable_path/Frameworks",
				);
				MARKETING_VERSION = 1.0;
				PRODUCT_BUNDLE_IDENTIFIER = "Rogerio-Martins.RickMorty";
				PRODUCT_NAME = "$(TARGET_NAME)";
				SWIFT_EMIT_LOC_STRINGS = YES;
				SWIFT_VERSION = 5.0;
				TARGETED_DEVICE_FAMILY = "1,2";
			};
			name = Debug;
		};
		B6B78F4329D5CB1E00254D14 /* Release */ = {
			isa = XCBuildConfiguration;
			baseConfigurationReference = 04E84D30EDB0B996BDECE7EF /* Pods-RickMorty.release.xcconfig */;
			buildSettings = {
				ASSETCATALOG_COMPILER_APPICON_NAME = AppIcon;
				ASSETCATALOG_COMPILER_GLOBAL_ACCENT_COLOR_NAME = AccentColor;
				CODE_SIGN_STYLE = Automatic;
				CURRENT_PROJECT_VERSION = 1;
				GENERATE_INFOPLIST_FILE = YES;
				INFOPLIST_FILE = RickMorty/Info.plist;
				INFOPLIST_KEY_UIApplicationSupportsIndirectInputEvents = YES;
				INFOPLIST_KEY_UILaunchStoryboardName = LaunchScreen;
				INFOPLIST_KEY_UIMainStoryboardFile = "";
				INFOPLIST_KEY_UISupportedInterfaceOrientations_iPad = "UIInterfaceOrientationPortrait UIInterfaceOrientationPortraitUpsideDown UIInterfaceOrientationLandscapeLeft UIInterfaceOrientationLandscapeRight";
				INFOPLIST_KEY_UISupportedInterfaceOrientations_iPhone = "UIInterfaceOrientationPortrait UIInterfaceOrientationLandscapeLeft UIInterfaceOrientationLandscapeRight";
				LD_RUNPATH_SEARCH_PATHS = (
					"$(inherited)",
					"@executable_path/Frameworks",
				);
				MARKETING_VERSION = 1.0;
				PRODUCT_BUNDLE_IDENTIFIER = "Rogerio-Martins.RickMorty";
				PRODUCT_NAME = "$(TARGET_NAME)";
				SWIFT_EMIT_LOC_STRINGS = YES;
				SWIFT_VERSION = 5.0;
				TARGETED_DEVICE_FAMILY = "1,2";
			};
			name = Release;
		};
/* End XCBuildConfiguration section */

/* Begin XCConfigurationList section */
		B6B78F2829D5CB1C00254D14 /* Build configuration list for PBXProject "RickMorty" */ = {
			isa = XCConfigurationList;
			buildConfigurations = (
				B6B78F3F29D5CB1E00254D14 /* Debug */,
				B6B78F4029D5CB1E00254D14 /* Release */,
			);
			defaultConfigurationIsVisible = 0;
			defaultConfigurationName = Release;
		};
		B6B78F4129D5CB1E00254D14 /* Build configuration list for PBXNativeTarget "RickMorty" */ = {
			isa = XCConfigurationList;
			buildConfigurations = (
				B6B78F4229D5CB1E00254D14 /* Debug */,
				B6B78F4329D5CB1E00254D14 /* Release */,
			);
			defaultConfigurationIsVisible = 0;
			defaultConfigurationName = Release;
		};
/* End XCConfigurationList section */
	};
	rootObject = B6B78F2529D5CB1C00254D14 /* Project object */;
}
